
Microsoft Visual Studio Solution File, Format Version 12.00
# Visual Studio 14
VisualStudioVersion = 14.0.24720.0
MinimumVisualStudioVersion = 10.0.40219.1
Project("{FAE04EC0-301F-11D3-BF4B-00C04F79EFBC}") = "BGPCastUWP.Interface.UWP", "Interface\UWP\BGPCastUWP.Interface.UWP.csproj", "{75B9538A-D27E-4A82-A8B6-B62F8D23FE4A}"
EndProject
Project("{FAE04EC0-301F-11D3-BF4B-00C04F79EFBC}") = "iTunesSearch", "..\iTunesSearchPortable\iTunesSearch\iTunesSearch\iTunesSearch.csproj", "{331D1AB4-BBC8-449F-A5B5-94AFB4456B70}"
EndProject
Project("{FAE04EC0-301F-11D3-BF4B-00C04F79EFBC}") = "QDFeedParser.UWP", "..\qdfeed\QDFeedParser.UWP\QDFeedParser.UWP.csproj", "{7F3F5206-3CEE-4200-AE88-98F7FDEFC692}"
EndProject
Global
	GlobalSection(SolutionConfigurationPlatforms) = preSolution
		Batch Build|Any CPU = Batch Build|Any CPU
		Batch Build|ARM = Batch Build|ARM
		Batch Build|iPhone = Batch Build|iPhone
		Batch Build|iPhoneSimulator = Batch Build|iPhoneSimulator
		Batch Build|x64 = Batch Build|x64
		Batch Build|x86 = Batch Build|x86
		Debug|Any CPU = Debug|Any CPU
		Debug|ARM = Debug|ARM
		Debug|iPhone = Debug|iPhone
		Debug|iPhoneSimulator = Debug|iPhoneSimulator
		Debug|x64 = Debug|x64
		Debug|x86 = Debug|x86
		Release|Any CPU = Release|Any CPU
		Release|ARM = Release|ARM
		Release|iPhone = Release|iPhone
		Release|iPhoneSimulator = Release|iPhoneSimulator
		Release|x64 = Release|x64
		Release|x86 = Release|x86
	EndGlobalSection
	GlobalSection(ProjectConfigurationPlatforms) = postSolution
		{75B9538A-D27E-4A82-A8B6-B62F8D23FE4A}.Batch Build|Any CPU.ActiveCfg = Release|x86
		{75B9538A-D27E-4A82-A8B6-B62F8D23FE4A}.Batch Build|Any CPU.Build.0 = Release|x86
		{75B9538A-D27E-4A82-A8B6-B62F8D23FE4A}.Batch Build|Any CPU.Deploy.0 = Release|x86
		{75B9538A-D27E-4A82-A8B6-B62F8D23FE4A}.Batch Build|ARM.ActiveCfg = Release|ARM
		{75B9538A-D27E-4A82-A8B6-B62F8D23FE4A}.Batch Build|ARM.Build.0 = Release|ARM
		{75B9538A-D27E-4A82-A8B6-B62F8D23FE4A}.Batch Build|ARM.Deploy.0 = Release|ARM
		{75B9538A-D27E-4A82-A8B6-B62F8D23FE4A}.Batch Build|iPhone.ActiveCfg = Release|x86
		{75B9538A-D27E-4A82-A8B6-B62F8D23FE4A}.Batch Build|iPhone.Build.0 = Release|x86
		{75B9538A-D27E-4A82-A8B6-B62F8D23FE4A}.Batch Build|iPhone.Deploy.0 = Release|x86
		{75B9538A-D27E-4A82-A8B6-B62F8D23FE4A}.Batch Build|iPhoneSimulator.ActiveCfg = Release|x86
		{75B9538A-D27E-4A82-A8B6-B62F8D23FE4A}.Batch Build|iPhoneSimulator.Build.0 = Release|x86
		{75B9538A-D27E-4A82-A8B6-B62F8D23FE4A}.Batch Build|iPhoneSimulator.Deploy.0 = Release|x86
		{75B9538A-D27E-4A82-A8B6-B62F8D23FE4A}.Batch Build|x64.ActiveCfg = Release|x64
		{75B9538A-D27E-4A82-A8B6-B62F8D23FE4A}.Batch Build|x64.Build.0 = Release|x64
		{75B9538A-D27E-4A82-A8B6-B62F8D23FE4A}.Batch Build|x64.Deploy.0 = Release|x64
		{75B9538A-D27E-4A82-A8B6-B62F8D23FE4A}.Batch Build|x86.ActiveCfg = Release|x86
		{75B9538A-D27E-4A82-A8B6-B62F8D23FE4A}.Batch Build|x86.Build.0 = Release|x86
		{75B9538A-D27E-4A82-A8B6-B62F8D23FE4A}.Batch Build|x86.Deploy.0 = Release|x86
		{75B9538A-D27E-4A82-A8B6-B62F8D23FE4A}.Debug|Any CPU.ActiveCfg = Debug|x86
		{75B9538A-D27E-4A82-A8B6-B62F8D23FE4A}.Debug|ARM.ActiveCfg = Debug|ARM
		{75B9538A-D27E-4A82-A8B6-B62F8D23FE4A}.Debug|ARM.Build.0 = Debug|ARM
		{75B9538A-D27E-4A82-A8B6-B62F8D23FE4A}.Debug|ARM.Deploy.0 = Debug|ARM
		{75B9538A-D27E-4A82-A8B6-B62F8D23FE4A}.Debug|iPhone.ActiveCfg = Debug|x86
		{75B9538A-D27E-4A82-A8B6-B62F8D23FE4A}.Debug|iPhoneSimulator.ActiveCfg = Debug|x86
		{75B9538A-D27E-4A82-A8B6-B62F8D23FE4A}.Debug|x64.ActiveCfg = Debug|x64
		{75B9538A-D27E-4A82-A8B6-B62F8D23FE4A}.Debug|x64.Build.0 = Debug|x64
		{75B9538A-D27E-4A82-A8B6-B62F8D23FE4A}.Debug|x64.Deploy.0 = Debug|x64
		{75B9538A-D27E-4A82-A8B6-B62F8D23FE4A}.Debug|x86.ActiveCfg = Debug|x86
		{75B9538A-D27E-4A82-A8B6-B62F8D23FE4A}.Debug|x86.Build.0 = Debug|x86
		{75B9538A-D27E-4A82-A8B6-B62F8D23FE4A}.Debug|x86.Deploy.0 = Debug|x86
		{75B9538A-D27E-4A82-A8B6-B62F8D23FE4A}.Release|Any CPU.ActiveCfg = Release|x86
		{75B9538A-D27E-4A82-A8B6-B62F8D23FE4A}.Release|ARM.ActiveCfg = Release|ARM
		{75B9538A-D27E-4A82-A8B6-B62F8D23FE4A}.Release|ARM.Build.0 = Release|ARM
		{75B9538A-D27E-4A82-A8B6-B62F8D23FE4A}.Release|ARM.Deploy.0 = Release|ARM
		{75B9538A-D27E-4A82-A8B6-B62F8D23FE4A}.Release|iPhone.ActiveCfg = Release|x86
		{75B9538A-D27E-4A82-A8B6-B62F8D23FE4A}.Release|iPhoneSimulator.ActiveCfg = Release|x86
		{75B9538A-D27E-4A82-A8B6-B62F8D23FE4A}.Release|x64.ActiveCfg = Release|x64
		{75B9538A-D27E-4A82-A8B6-B62F8D23FE4A}.Release|x64.Build.0 = Release|x64
		{75B9538A-D27E-4A82-A8B6-B62F8D23FE4A}.Release|x64.Deploy.0 = Release|x64
		{75B9538A-D27E-4A82-A8B6-B62F8D23FE4A}.Release|x86.ActiveCfg = Release|x86
		{75B9538A-D27E-4A82-A8B6-B62F8D23FE4A}.Release|x86.Build.0 = Release|x86
		{75B9538A-D27E-4A82-A8B6-B62F8D23FE4A}.Release|x86.Deploy.0 = Release|x86
		{331D1AB4-BBC8-449F-A5B5-94AFB4456B70}.Batch Build|Any CPU.ActiveCfg = Release|Any CPU
		{331D1AB4-BBC8-449F-A5B5-94AFB4456B70}.Batch Build|Any CPU.Build.0 = Release|Any CPU
		{331D1AB4-BBC8-449F-A5B5-94AFB4456B70}.Batch Build|ARM.ActiveCfg = Release|Any CPU
		{331D1AB4-BBC8-449F-A5B5-94AFB4456B70}.Batch Build|ARM.Build.0 = Release|Any CPU
		{331D1AB4-BBC8-449F-A5B5-94AFB4456B70}.Batch Build|iPhone.ActiveCfg = Release|Any CPU
		{331D1AB4-BBC8-449F-A5B5-94AFB4456B70}.Batch Build|iPhone.Build.0 = Release|Any CPU
		{331D1AB4-BBC8-449F-A5B5-94AFB4456B70}.Batch Build|iPhoneSimulator.ActiveCfg = Release|Any CPU
		{331D1AB4-BBC8-449F-A5B5-94AFB4456B70}.Batch Build|iPhoneSimulator.Build.0 = Release|Any CPU
		{331D1AB4-BBC8-449F-A5B5-94AFB4456B70}.Batch Build|x64.ActiveCfg = Release|Any CPU
		{331D1AB4-BBC8-449F-A5B5-94AFB4456B70}.Batch Build|x64.Build.0 = Release|Any CPU
		{331D1AB4-BBC8-449F-A5B5-94AFB4456B70}.Batch Build|x86.ActiveCfg = Release|Any CPU
		{331D1AB4-BBC8-449F-A5B5-94AFB4456B70}.Batch Build|x86.Build.0 = Release|Any CPU
		{331D1AB4-BBC8-449F-A5B5-94AFB4456B70}.Debug|Any CPU.ActiveCfg = Debug|Any CPU
		{331D1AB4-BBC8-449F-A5B5-94AFB4456B70}.Debug|Any CPU.Build.0 = Debug|Any CPU
		{331D1AB4-BBC8-449F-A5B5-94AFB4456B70}.Debug|ARM.ActiveCfg = Debug|Any CPU
		{331D1AB4-BBC8-449F-A5B5-94AFB4456B70}.Debug|ARM.Build.0 = Debug|Any CPU
		{331D1AB4-BBC8-449F-A5B5-94AFB4456B70}.Debug|iPhone.ActiveCfg = Debug|Any CPU
		{331D1AB4-BBC8-449F-A5B5-94AFB4456B70}.Debug|iPhone.Build.0 = Debug|Any CPU
		{331D1AB4-BBC8-449F-A5B5-94AFB4456B70}.Debug|iPhoneSimulator.ActiveCfg = Debug|Any CPU
		{331D1AB4-BBC8-449F-A5B5-94AFB4456B70}.Debug|iPhoneSimulator.Build.0 = Debug|Any CPU
		{331D1AB4-BBC8-449F-A5B5-94AFB4456B70}.Debug|x64.ActiveCfg = Debug|Any CPU
		{331D1AB4-BBC8-449F-A5B5-94AFB4456B70}.Debug|x64.Build.0 = Debug|Any CPU
		{331D1AB4-BBC8-449F-A5B5-94AFB4456B70}.Debug|x86.ActiveCfg = Debug|Any CPU
		{331D1AB4-BBC8-449F-A5B5-94AFB4456B70}.Debug|x86.Build.0 = Debug|Any CPU
		{331D1AB4-BBC8-449F-A5B5-94AFB4456B70}.Release|Any CPU.ActiveCfg = Release|Any CPU
		{331D1AB4-BBC8-449F-A5B5-94AFB4456B70}.Release|Any CPU.Build.0 = Release|Any CPU
		{331D1AB4-BBC8-449F-A5B5-94AFB4456B70}.Release|ARM.ActiveCfg = Release|Any CPU
		{331D1AB4-BBC8-449F-A5B5-94AFB4456B70}.Release|ARM.Build.0 = Release|Any CPU
		{331D1AB4-BBC8-449F-A5B5-94AFB4456B70}.Release|iPhone.ActiveCfg = Release|Any CPU
		{331D1AB4-BBC8-449F-A5B5-94AFB4456B70}.Release|iPhone.Build.0 = Release|Any CPU
		{331D1AB4-BBC8-449F-A5B5-94AFB4456B70}.Release|iPhoneSimulator.ActiveCfg = Release|Any CPU
		{331D1AB4-BBC8-449F-A5B5-94AFB4456B70}.Release|iPhoneSimulator.Build.0 = Release|Any CPU
		{331D1AB4-BBC8-449F-A5B5-94AFB4456B70}.Release|x64.ActiveCfg = Release|Any CPU
		{331D1AB4-BBC8-449F-A5B5-94AFB4456B70}.Release|x64.Build.0 = Release|Any CPU
		{331D1AB4-BBC8-449F-A5B5-94AFB4456B70}.Release|x86.ActiveCfg = Release|Any CPU
		{331D1AB4-BBC8-449F-A5B5-94AFB4456B70}.Release|x86.Build.0 = Release|Any CPU
		{7F3F5206-3CEE-4200-AE88-98F7FDEFC692}.Batch Build|Any CPU.ActiveCfg = Release|Any CPU
		{7F3F5206-3CEE-4200-AE88-98F7FDEFC692}.Batch Build|Any CPU.Build.0 = Release|Any CPU
		{7F3F5206-3CEE-4200-AE88-98F7FDEFC692}.Batch Build|ARM.ActiveCfg = Release|Any CPU
		{7F3F5206-3CEE-4200-AE88-98F7FDEFC692}.Batch Build|ARM.Build.0 = Release|Any CPU
		{7F3F5206-3CEE-4200-AE88-98F7FDEFC692}.Batch Build|iPhone.ActiveCfg = Release|Any CPU
		{7F3F5206-3CEE-4200-AE88-98F7FDEFC692}.Batch Build|iPhone.Build.0 = Release|Any CPU
		{7F3F5206-3CEE-4200-AE88-98F7FDEFC692}.Batch Build|iPhoneSimulator.ActiveCfg = Release|Any CPU
		{7F3F5206-3CEE-4200-AE88-98F7FDEFC692}.Batch Build|iPhoneSimulator.Build.0 = Release|Any CPU
		{7F3F5206-3CEE-4200-AE88-98F7FDEFC692}.Batch Build|x64.ActiveCfg = Release|Any CPU
		{7F3F5206-3CEE-4200-AE88-98F7FDEFC692}.Batch Build|x64.Build.0 = Release|Any CPU
		{7F3F5206-3CEE-4200-AE88-98F7FDEFC692}.Batch Build|x86.ActiveCfg = Release|Any CPU
		{7F3F5206-3CEE-4200-AE88-98F7FDEFC692}.Batch Build|x86.Build.0 = Release|Any CPU
		{7F3F5206-3CEE-4200-AE88-98F7FDEFC692}.Debug|Any CPU.ActiveCfg = Debug|Any CPU
		{7F3F5206-3CEE-4200-AE88-98F7FDEFC692}.Debug|Any CPU.Build.0 = Debug|Any CPU
		{7F3F5206-3CEE-4200-AE88-98F7FDEFC692}.Debug|ARM.ActiveCfg = Debug|Any CPU
		{7F3F5206-3CEE-4200-AE88-98F7FDEFC692}.Debug|ARM.Build.0 = Debug|Any CPU
		{7F3F5206-3CEE-4200-AE88-98F7FDEFC692}.Debug|iPhone.ActiveCfg = Debug|Any CPU
		{7F3F5206-3CEE-4200-AE88-98F7FDEFC692}.Debug|iPhone.Build.0 = Debug|Any CPU
		{7F3F5206-3CEE-4200-AE88-98F7FDEFC692}.Debug|iPhoneSimulator.ActiveCfg = Debug|Any CPU
		{7F3F5206-3CEE-4200-AE88-98F7FDEFC692}.Debug|iPhoneSimulator.Build.0 = Debug|Any CPU
		{7F3F5206-3CEE-4200-AE88-98F7FDEFC692}.Debug|x64.ActiveCfg = Debug|Any CPU
		{7F3F5206-3CEE-4200-AE88-98F7FDEFC692}.Debug|x64.Build.0 = Debug|Any CPU
		{7F3F5206-3CEE-4200-AE88-98F7FDEFC692}.Debug|x86.ActiveCfg = Debug|Any CPU
		{7F3F5206-3CEE-4200-AE88-98F7FDEFC692}.Debug|x86.Build.0 = Debug|Any CPU
		{7F3F5206-3CEE-4200-AE88-98F7FDEFC692}.Release|Any CPU.ActiveCfg = Release|Any CPU
		{7F3F5206-3CEE-4200-AE88-98F7FDEFC692}.Release|Any CPU.Build.0 = Release|Any CPU
		{7F3F5206-3CEE-4200-AE88-98F7FDEFC692}.Release|ARM.ActiveCfg = Release|Any CPU
		{7F3F5206-3CEE-4200-AE88-98F7FDEFC692}.Release|ARM.Build.0 = Release|Any CPU
		{7F3F5206-3CEE-4200-AE88-98F7FDEFC692}.Release|iPhone.ActiveCfg = Release|Any CPU
		{7F3F5206-3CEE-4200-AE88-98F7FDEFC692}.Release|iPhone.Build.0 = Release|Any CPU
		{7F3F5206-3CEE-4200-AE88-98F7FDEFC692}.Release|iPhoneSimulator.ActiveCfg = Release|Any CPU
		{7F3F5206-3CEE-4200-AE88-98F7FDEFC692}.Release|iPhoneSimulator.Build.0 = Release|Any CPU
		{7F3F5206-3CEE-4200-AE88-98F7FDEFC692}.Release|x64.ActiveCfg = Release|Any CPU
		{7F3F5206-3CEE-4200-AE88-98F7FDEFC692}.Release|x64.Build.0 = Release|Any CPU
		{7F3F5206-3CEE-4200-AE88-98F7FDEFC692}.Release|x86.ActiveCfg = Release|Any CPU
		{7F3F5206-3CEE-4200-AE88-98F7FDEFC692}.Release|x86.Build.0 = Release|Any CPU
	EndGlobalSection
	GlobalSection(SolutionProperties) = preSolution
		HideSolutionNode = FALSE
	EndGlobalSection
EndGlobal
